# This file is automatically @generated by Cargo.
# It is not intended for manual editing.
version = 4

[[package]]
name = "activity"
version = "0.1.0"

[[package]]
name = "appstore-schema"
version = "0.1.0"

[[package]]
name = "manifest-registry"
version = "0.1.0"

[[package]]
name = "station-sdk"
version = "0.1.0"

[[package]]
name = "station-shell"
version = "0.1.0"
